
Microsoft Visual Studio Solution File, Format Version 12.00
# Visual Studio 15
VisualStudioVersion = 15.0.27130.2010
MinimumVisualStudioVersion = 10.0.40219.1
Project("{9A19103F-16F7-4668-BE54-9A1E7A4F7556}") = "WoaW.RnD.MMF", "WoaW.RnD.MMF\WoaW.RnD.MMF.csproj", "{0C0106B9-75CF-46F2-BCEF-1EB51344A482}"
EndProject
Project("{FAE04EC0-301F-11D3-BF4B-00C04F79EFBC}") = "WoaW.RnD.MMF.UnitTests", "WoaW.RnD.MMF.UnitTests\WoaW.RnD.MMF.UnitTests.csproj", "{AA199EA5-883D-442A-93FD-1A3330063C47}"
EndProject
Project("{FAE04EC0-301F-11D3-BF4B-00C04F79EFBC}") = "WoaW.RnD.LinQProvider", "WoaW.RnD.LinQProvider\WoaW.RnD.LinQProvider.csproj", "{C43A68BC-34E1-42F9-B289-D228A9955F2A}"
EndProject
Global
	GlobalSection(SolutionConfigurationPlatforms) = preSolution
		Debug|Any CPU = Debug|Any CPU
		Release|Any CPU = Release|Any CPU
	EndGlobalSection
	GlobalSection(ProjectConfigurationPlatforms) = postSolution
		{0C0106B9-75CF-46F2-BCEF-1EB51344A482}.Debug|Any CPU.ActiveCfg = Debug|Any CPU
		{0C0106B9-75CF-46F2-BCEF-1EB51344A482}.Debug|Any CPU.Build.0 = Debug|Any CPU
		{0C0106B9-75CF-46F2-BCEF-1EB51344A482}.Release|Any CPU.ActiveCfg = Release|Any CPU
		{0C0106B9-75CF-46F2-BCEF-1EB51344A482}.Release|Any CPU.Build.0 = Release|Any CPU
		{AA199EA5-883D-442A-93FD-1A3330063C47}.Debug|Any CPU.ActiveCfg = Debug|Any CPU
		{AA199EA5-883D-442A-93FD-1A3330063C47}.Debug|Any CPU.Build.0 = Debug|Any CPU
		{AA199EA5-883D-442A-93FD-1A3330063C47}.Release|Any CPU.ActiveCfg = Release|Any CPU
		{AA199EA5-883D-442A-93FD-1A3330063C47}.Release|Any CPU.Build.0 = Release|Any CPU
		{C43A68BC-34E1-42F9-B289-D228A9955F2A}.Debug|Any CPU.ActiveCfg = Debug|Any CPU
		{C43A68BC-34E1-42F9-B289-D228A9955F2A}.Debug|Any CPU.Build.0 = Debug|Any CPU
		{C43A68BC-34E1-42F9-B289-D228A9955F2A}.Release|Any CPU.ActiveCfg = Release|Any CPU
		{C43A68BC-34E1-42F9-B289-D228A9955F2A}.Release|Any CPU.Build.0 = Release|Any CPU
	EndGlobalSection
	GlobalSection(SolutionProperties) = preSolution
		HideSolutionNode = FALSE
	EndGlobalSection
	GlobalSection(ExtensibilityGlobals) = postSolution
		SolutionGuid = {D3D39014-9613-4A6D-9145-895B21F2F529}
	EndGlobalSection
EndGlobal
